
Microsoft Visual Studio Solution File, Format Version 12.00
# Visual Studio Version 16
VisualStudioVersion = 16.0.31005.135
MinimumVisualStudioVersion = 10.0.40219.1
Project("{FAE04EC0-301F-11D3-BF4B-00C04F79EFBC}") = "WpfApp", "WpfApp.csproj", "{CAB978E6-7436-4253-A493-8E2ED29540BA}"
EndProject
Global
	GlobalSection(SolutionConfigurationPlatforms) = preSolution
		Debug|Any CPU = Debug|Any CPU
		Release|Any CPU = Release|Any CPU
	EndGlobalSection
	GlobalSection(ProjectConfigurationPlatforms) = postSolution
		{CAB978E6-7436-4253-A493-8E2ED29540BA}.Debug|Any CPU.ActiveCfg = Debug|Any CPU
		{CAB978E6-7436-4253-A493-8E2ED29540BA}.Debug|Any CPU.Build.0 = Debug|Any CPU
		{CAB978E6-7436-4253-A493-8E2ED29540BA}.Release|Any CPU.ActiveCfg = Release|Any CPU
		{CAB978E6-7436-4253-A493-8E2ED29540BA}.Release|Any CPU.Build.0 = Release|Any CPU
	EndGlobalSection
	GlobalSection(SolutionProperties) = preSolution
		HideSolutionNode = FALSE
	EndGlobalSection
	GlobalSection(ExtensibilityGlobals) = postSolution
		SolutionGuid = {BE156DC5-052B-40BB-B89E-2A316A6E7B9C}
	EndGlobalSection
EndGlobal
